
Microsoft Visual Studio Solution File, Format Version 11.00
# Visual Studio 2010
Project("{FAE04EC0-301F-11D3-BF4B-00C04F79EFBC}") = "Assembly-CSharp", "Assembly-CSharp.csproj", "{3405B395-9918-4272-0A48-9E468D2B45AD}"
EndProject
Global
	GlobalSection(SolutionConfigurationPlatforms) = preSolution
		Debug|Any CPU = Debug|Any CPU
		Release|Any CPU = Release|Any CPU
	EndGlobalSection
	GlobalSection(ProjectConfigurationPlatforms) = postSolution
		{3405B395-9918-4272-0A48-9E468D2B45AD}.Debug|Any CPU.ActiveCfg = Debug|Any CPU
		{3405B395-9918-4272-0A48-9E468D2B45AD}.Debug|Any CPU.Build.0 = Debug|Any CPU
		{3405B395-9918-4272-0A48-9E468D2B45AD}.Release|Any CPU.ActiveCfg = Release|Any CPU
		{3405B395-9918-4272-0A48-9E468D2B45AD}.Release|Any CPU.Build.0 = Release|Any CPU
	EndGlobalSection
	GlobalSection(SolutionProperties) = preSolution
		HideSolutionNode = FALSE
	EndGlobalSection
	GlobalSection(MonoDevelopProperties) = preSolution
		StartupItem = Assembly-CSharp.csproj
	EndGlobalSection
EndGlobal
